Microsoft Visual Studio Solution File, Format Version 12.00
# Visual Studio Version 17
VisualStudioVersion = 17.5.2.0
MinimumVisualStudioVersion = 10.0.40219.1
Project("{FAE04EC0-301F-11D3-BF4B-00C04F79EFBC}") = "JoditHtmx", "JoditHtmx.csproj", "{677D2DD0-3649-9FB9-D609-330BAF3E830D}"
EndProject
Global
	GlobalSection(SolutionConfigurationPlatforms) = preSolution
		Debug|Any CPU = Debug|Any CPU
		Release|Any CPU = Release|Any CPU
	EndGlobalSection
	GlobalSection(ProjectConfigurationPlatforms) = postSolution
		{677D2DD0-3649-9FB9-D609-330BAF3E830D}.Debug|Any CPU.ActiveCfg = Debug|Any CPU
		{677D2DD0-3649-9FB9-D609-330BAF3E830D}.Debug|Any CPU.Build.0 = Debug|Any CPU
		{677D2DD0-3649-9FB9-D609-330BAF3E830D}.Release|Any CPU.ActiveCfg = Release|Any CPU
		{677D2DD0-3649-9FB9-D609-330BAF3E830D}.Release|Any CPU.Build.0 = Release|Any CPU
	EndGlobalSection
	GlobalSection(SolutionProperties) = preSolution
		HideSolutionNode = FALSE
	EndGlobalSection
	GlobalSection(ExtensibilityGlobals) = postSolution
		SolutionGuid = {20046C2D-8F31-4746-8F03-260D73099976}
	EndGlobalSection
EndGlobal
